// !$*UTF8*$!
{
	archiveVersion = 1;
	classes = {
	};
	objectVersion = 46;
	objects = {

/* Begin PBXBuildFile section */
		4CBB69A61D82B56700AE8436 /* AppDelegate.swift in Sources */ = {isa = PBXBuildFile; fileRef = 4CBB699D1D82B56700AE8436 /* AppDelegate.swift */; };
		4CBB69A71D82B56700AE8436 /* Assets.xcassets in Resources */ = {isa = PBXBuildFile; fileRef = 4CBB699E1D82B56700AE8436 /* Assets.xcassets */; };
		4CBB69A81D82B56700AE8436 /* LaunchScreen.storyboard in Resources */ = {isa = PBXBuildFile; fileRef = 4CBB699F1D82B56700AE8436 /* LaunchScreen.storyboard */; };
		4CBB69A91D82B56700AE8436 /* Main.storyboard in Resources */ = {isa = PBXBuildFile; fileRef = 4CBB69A11D82B56700AE8436 /* Main.storyboard */; };
		4CBB69AA1D82B56700AE8436 /* Info.plist in Resources */ = {isa = PBXBuildFile; fileRef = 4CBB69A31D82B56700AE8436 /* Info.plist */; };
		4CBB69AB1D82B56700AE8436 /* SqueezeOutSwitch.swift in Sources */ = {isa = PBXBuildFile; fileRef = 4CBB69A41D82B56700AE8436 /* SqueezeOutSwitch.swift */; };
		4CBB69AC1D82B56700AE8436 /* ViewController.swift in Sources */ = {isa = PBXBuildFile; fileRef = 4CBB69A51D82B56700AE8436 /* ViewController.swift */; };
/* End PBXBuildFile section */

/* Begin PBXFileReference section */
		4C7AFA351D75C4B1003028C5 /* SqueezeOutSwitch.app */ = {isa = PBXFileReference; explicitFileType = wrapper.application; includeInIndex = 0; path = SqueezeOutSwitch.app; sourceTree = BUILT_PRODUCTS_DIR; };
		4CBB699D1D82B56700AE8436 /* AppDelegate.swift */ = {isa = PBXFileReference; fileEncoding = 4; lastKnownFileType = sourcecode.swift; path = AppDelegate.swift; sourceTree = "<group>"; };
		4CBB699E1D82B56700AE8436 /* Assets.xcassets */ = {isa = PBXFileReference; lastKnownFileType = folder.assetcatalog; path = Assets.xcassets; sourceTree = "<group>"; };
		4CBB69A01D82B56700AE8436 /* Base */ = {isa = PBXFileReference; lastKnownFileType = file.storyboard; name = Base; path = Base.lproj/LaunchScreen.storyboard; sourceTree = "<group>"; };
		4CBB69A21D82B56700AE8436 /* Base */ = {isa = PBXFileReference; lastKnownFileType = file.storyboard; name = Base; path = Base.lproj/Main.storyboard; sourceTree = "<group>"; };
		4CBB69A31D82B56700AE8436 /* Info.plist */ = {isa = PBXFileReference; fileEncoding = 4; lastKnownFileType = text.plist.xml; path = Info.plist; sourceTree = "<group>"; };
		4CBB69A41D82B56700AE8436 /* SqueezeOutSwitch.swift */ = {isa = PBXFileReference; fileEncoding = 4; lastKnownFileType = sourcecode.swift; path = SqueezeOutSwitch.swift; sourceTree = "<group>"; };
		4CBB69A51D82B56700AE8436 /* ViewController.swift */ = {isa = PBXFileReference; fileEncoding = 4; lastKnownFileType = sourcecode.swift; path = ViewController.swift; sourceTree = "<group>"; };
/* End PBXFileReference section */

/* Begin PBXFrameworksBuildPhase section */
		4C7AFA321D75C4B1003028C5 /* Frameworks */ = {
			isa = PBXFrameworksBuildPhase;
			buildActionMask = 2147483647;
			files = (
			);
			runOnlyForDeploymentPostprocessing = 0;
		};
/* End PBXFrameworksBuildPhase section */

/* Begin PBXGroup section */
		4C7AFA2C1D75C4B1003028C5 = {
			isa = PBXGroup;
			children = (
				4CBB699C1D82B56700AE8436 /* SqueezeOutSwitch */,
				4C7AFA361D75C4B1003028C5 /* Products */,
			);
			sourceTree = "<group>";
		};
		4C7AFA361D75C4B1003028C5 /* Products */ = {
			isa = PBXGroup;
			children = (
				4C7AFA351D75C4B1003028C5 /* SqueezeOutSwitch.app */,
			);
			name = Products;
			sourceTree = "<group>";
		};
		4CBB699C1D82B56700AE8436 /* SqueezeOutSwitch */ = {
			isa = PBXGroup;
			children = (
				4CBB69A41D82B56700AE8436 /* SqueezeOutSwitch.swift */,
				4CBB69A51D82B56700AE8436 /* ViewController.swift */,
				4CBB699D1D82B56700AE8436 /* AppDelegate.swift */,
				4CBB699E1D82B56700AE8436 /* Assets.xcassets */,
				4CBB699F1D82B56700AE8436 /* LaunchScreen.storyboard */,
				4CBB69A11D82B56700AE8436 /* Main.storyboard */,
				4CBB69A31D82B56700AE8436 /* Info.plist */,
			);
			path = SqueezeOutSwitch;
			sourceTree = "<group>";
		};
/* End PBXGroup section */

/* Begin PBXNativeTarget section */
		4C7AFA341D75C4B1003028C5 /* SqueezeOutSwitch */ = {
			isa = PBXNativeTarget;
			buildConfigurationList = 4C7AFA471D75C4B1003028C5 /* Build configuration list for PBXNativeTarget "SqueezeOutSwitch" */;
			buildPhases = (
				4C7AFA311D75C4B1003028C5 /* Sources */,
				4C7AFA321D75C4B1003028C5 /* Frameworks */,
				4C7AFA331D75C4B1003028C5 /* Resources */,
			);
			buildRules = (
			);
			dependencies = (
			);
			name = SqueezeOutSwitch;
			productName = BlowOutSwitch;
			productReference = 4C7AFA351D75C4B1003028C5 /* SqueezeOutSwitch.app */;
			productType = "com.apple.product-type.application";
		};
/* End PBXNativeTarget section */

/* Begin PBXProject section */
		4C7AFA2D1D75C4B1003028C5 /* Project object */ = {
			isa = PBXProject;
			attributes = {
				LastSwiftUpdateCheck = 0730;
				LastUpgradeCheck = 0730;
				ORGANIZATIONNAME = "Tubik Studio";
				TargetAttributes = {
					4C7AFA341D75C4B1003028C5 = {
						CreatedOnToolsVersion = 7.3.1;
						DevelopmentTeam = 2R7KRC44ZL;
					};
				};
			};
			buildConfigurationList = 4C7AFA301D75C4B1003028C5 /* Build configuration list for PBXProject "SqueezeOutSwitch" */;
			compatibilityVersion = "Xcode 3.2";
			developmentRegion = English;
			hasScannedForEncodings = 0;
			knownRegions = (
				en,
				Base,
			);
			mainGroup = 4C7AFA2C1D75C4B1003028C5;
			productRefGroup = 4C7AFA361D75C4B1003028C5 /* Products */;
			projectDirPath = "";
			projectRoot = "";
			targets = (
				4C7AFA341D75C4B1003028C5 /* SqueezeOutSwitch */,
			);
		};
/* End PBXProject section */

/* Begin PBXResourcesBuildPhase section */
		4C7AFA331D75C4B1003028C5 /* Resources */ = {
			isa = PBXResourcesBuildPhase;
			buildActionMask = 2147483647;
			files = (
				4CBB69AA1D82B56700AE8436 /* Info.plist in Resources */,
				4CBB69A91D82B56700AE8436 /* Main.storyboard in Resources */,
				4CBB69A71D82B56700AE8436 /* Assets.xcassets in Resources */,
				4CBB69A81D82B56700AE8436 /* LaunchScreen.storyboard in Resources */,
			);
			runOnlyForDeploymentPostprocessing = 0;
		};
/* End PBXResourcesBuildPhase section */

/* Begin PBXSourcesBuildPhase section */
		4C7AFA311D75C4B1003028C5 /* Sources */ = {
			isa = PBXSourcesBuildPhase;
			buildActionMask = 2147483647;
			files = (
				4CBB69AC1D82B56700AE8436 /* ViewController.swift in Sources */,
				4CBB69A61D82B56700AE8436 /* AppDelegate.swift in Sources */,
				4CBB69AB1D82B56700AE8436 /* SqueezeOutSwitch.swift in Sources */,
			);
			runOnlyForDeploymentPostprocessing = 0;
		};
/* End PBXSourcesBuildPhase section */

/* Begin PBXVariantGroup section */
		4CBB699F1D82B56700AE8436 /* LaunchScreen.storyboard */ = {
			isa = PBXVariantGroup;
			children = (
				4CBB69A01D82B56700AE8436 /* Base */,
			);
			name = LaunchScreen.storyboard;
			sourceTree = "<group>";
		};
		4CBB69A11D82B56700AE8436 /* Main.storyboard */ = {
			isa = PBXVariantGroup;
			children = (
				4CBB69A21D82B56700AE8436 /* Base */,
			);
			name = Main.storyboard;
			sourceTree = "<group>";
		};
/* End PBXVariantGroup section */

/* Begin XCBuildConfiguration section */
		4C7AFA451D75C4B1003028C5 /* Debug */ = {
			isa = XCBuildConfiguration;
			buildSettings = {
				ALWAYS_SEARCH_USER_PATHS = NO;
				CLANG_ANALYZER_NONNULL = YES;
				CLANG_CXX_LANGUAGE_STANDARD = "gnu++0x";
				CLANG_CXX_LIBRARY = "libc++";
				CLANG_ENABLE_MODULES = YES;
				CLANG_ENABLE_OBJC_ARC = YES;
				CLANG_WARN_BOOL_CONVERSION = YES;
				CLANG_WARN_CONSTANT_CONVERSION = YES;
				CLANG_WARN_DIRECT_OBJC_ISA_USAGE = YES_ERROR;
				CLANG_WARN_EMPTY_BODY = YES;
				CLANG_WARN_ENUM_CONVERSION = YES;
				CLANG_WARN_INT_CONVERSION = YES;
				CLANG_WARN_OBJC_ROOT_CLASS = YES_ERROR;
				CLANG_WARN_UNREACHABLE_CODE = YES;
				CLANG_WARN__DUPLICATE_METHOD_MATCH = YES;
				"CODE_SIGN_IDENTITY[sdk=iphoneos*]" = "iPhone Developer";
				COPY_PHASE_STRIP = NO;
				DEBUG_INFORMATION_FORMAT = dwarf;
				ENABLE_STRICT_OBJC_MSGSEND = YES;
				ENABLE_TESTABILITY = YES;
				GCC_C_LANGUAGE_STANDARD = gnu99;
				GCC_DYNAMIC_NO_PIC = NO;
				GCC_NO_COMMON_BLOCKS = YES;
				GCC_OPTIMIZATION_LEVEL = 0;
				GCC_PREPROCESSOR_DEFINITIONS = (
					"DEBUG=1",
					"$(inherited)",
				);
				GCC_WARN_64_TO_32_BIT_CONVERSION = YES;
				GCC_WARN_ABOUT_RETURN_TYPE = YES_ERROR;
				GCC_WARN_UNDECLARED_SELECTOR = YES;
				GCC_WARN_UNINITIALIZED_AUTOS = YES_AGGRESSIVE;
				GCC_WARN_UNUSED_FUNCTION = YES;
				GCC_WARN_UNUSED_VARIABLE = YES;
				IPHONEOS_DEPLOYMENT_TARGET = 9.3;
				MTL_ENABLE_DEBUG_INFO = YES;
				ONLY_ACTIVE_ARCH = YES;
				SDKROOT = iphoneos;
				SWIFT_OPTIMIZATION_LEVEL = "-Onone";
			};
			name = Debug;
		};
		4C7AFA461D75C4B1003028C5 /* Release */ = {
			isa = XCBuildConfiguration;
			buildSettings = {
				ALWAYS_SEARCH_USER_PATHS = NO;
				CLANG_ANALYZER_NONNULL = YES;
				CLANG_CXX_LANGUAGE_STANDARD = "gnu++0x";
				CLANG_CXX_LIBRARY = "libc++";
				CLANG_ENABLE_MODULES = YES;
				CLANG_ENABLE_OBJC_ARC = YES;
				CLANG_WARN_BOOL_CONVERSION = YES;
				CLANG_WARN_CONSTANT_CONVERSION = YES;
				CLANG_WARN_DIRECT_OBJC_ISA_USAGE = YES_ERROR;
				CLANG_WARN_EMPTY_BODY = YES;
				CLANG_WARN_ENUM_CONVERSION = YES;
				CLANG_WARN_INT_CONVERSION = YES;
				CLANG_WARN_OBJC_ROOT_CLASS = YES_ERROR;
				CLANG_WARN_UNREACHABLE_CODE = YES;
				CLANG_WARN__DUPLICATE_METHOD_MATCH = YES;
				"CODE_SIGN_IDENTITY[sdk=iphoneos*]" = "iPhone Developer";
				COPY_PHASE_STRIP = NO;
				DEBUG_INFORMATION_FORMAT = "dwarf-with-dsym";
				ENABLE_NS_ASSERTIONS = NO;
				ENABLE_STRICT_OBJC_MSGSEND = YES;
				GCC_C_LANGUAGE_STANDARD = gnu99;
				GCC_NO_COMMON_BLOCKS = YES;
				GCC_WARN_64_TO_32_BIT_CONVERSION = YES;
				GCC_WARN_ABOUT_RETURN_TYPE = YES_ERROR;
				GCC_WARN_UNDECLARED_SELECTOR = YES;
				GCC_WARN_UNINITIALIZED_AUTOS = YES_AGGRESSIVE;
				GCC_WARN_UNUSED_FUNCTION = YES;
				GCC_WARN_UNUSED_VARIABLE = YES;
				IPHONEOS_DEPLOYMENT_TARGET = 9.3;
				MTL_ENABLE_DEBUG_INFO = NO;
				SDKROOT = iphoneos;
				VALIDATE_PRODUCT = YES;
			};
			name = Release;
		};
		4C7AFA481D75C4B1003028C5 /* Debug */ = {
			isa = XCBuildConfiguration;
			buildSettings = {
				ASSETCATALOG_COMPILER_APPICON_NAME = AppIcon;
				CODE_SIGN_IDENTITY = "iPhone Developer: Sergey Valiukh (S9M7C7AT37)";
				INFOPLIST_FILE = "$(SRCROOT)/SqueezeOutSwitch/Info.plist";
				LD_RUNPATH_SEARCH_PATHS = "$(inherited) @executable_path/Frameworks";
				PRODUCT_BUNDLE_IDENTIFIER = com.tubikstudio.BlowOutSwitch;
				PRODUCT_NAME = SqueezeOutSwitch;
				PROVISIONING_PROFILE = "12c69c8c-9692-420b-9921-d1d99c7d1e39";
			};
			name = Debug;
		};
		4C7AFA491D75C4B1003028C5 /* Release */ = {
			isa = XCBuildConfiguration;
			buildSettings = {
				ASSETCATALOG_COMPILER_APPICON_NAME = AppIcon;
				CODE_SIGN_IDENTITY = "iPhone Developer: Sergey Valiukh (S9M7C7AT37)";
				INFOPLIST_FILE = "$(SRCROOT)/SqueezeOutSwitch/Info.plist";
				LD_RUNPATH_SEARCH_PATHS = "$(inherited) @executable_path/Frameworks";
				PRODUCT_BUNDLE_IDENTIFIER = com.tubikstudio.BlowOutSwitch;
				PRODUCT_NAME = SqueezeOutSwitch;
				PROVISIONING_PROFILE = "12c69c8c-9692-420b-9921-d1d99c7d1e39";
			};
			name = Release;
		};
/* End XCBuildConfiguration section */

/* Begin XCConfigurationList section */
		4C7AFA301D75C4B1003028C5 /* Build configuration list for PBXProject "SqueezeOutSwitch" */ = {
			isa = XCConfigurationList;
			buildConfigurations = (
				4C7AFA451D75C4B1003028C5 /* Debug */,
				4C7AFA461D75C4B1003028C5 /* Release */,
			);
			defaultConfigurationIsVisible = 0;
			defaultConfigurationName = Release;
		};
		4C7AFA471D75C4B1003028C5 /* Build configuration list for PBXNativeTarget "SqueezeOutSwitch" */ = {
			isa = XCConfigurationList;
			buildConfigurations = (
				4C7AFA481D75C4B1003028C5 /* Debug */,
				4C7AFA491D75C4B1003028C5 /* Release */,
			);
			defaultConfigurationIsVisible = 0;
			defaultConfigurationName = Release;
		};
/* End XCConfigurationList section */
	};
	rootObject = 4C7AFA2D1D75C4B1003028C5 /* Project object */;
}
